# THIS IS AN AUTOGENERATED FILE. DO NOT EDIT THIS FILE DIRECTLY.
# yarn lockfile v1
hoist-non-react-statics@^1.2.0:
  version "1.2.0"
  resolved "https://registry.yarnpkg.com/hoist-non-react-statics/-/hoist-non-react-statics-1.2.0.tgz#aa448cf0986d55cc40773b17174b7dd066cb7cfb"

mobx:
  version "2.7.0"
  resolved "https://registry.yarnpkg.com/mobx/-/mobx-2.7.0.tgz#cf3d82d18c0ca7f458d8f2a240817b3dc7e54a01"

mobx-react:
  version "4.0.3"
  resolved "https://registry.yarnpkg.com/mobx-react/-/mobx-react-4.0.3.tgz#40eb31d25e0b8d63048eda2376cc56bfabd14f75"
  dependencies:
    hoist-non-react-statics "^1.2.0"

